
Microsoft Visual Studio Solution File, Format Version 12.00
# Visual Studio Version 17
VisualStudioVersion = 17.8.34309.116
MinimumVisualStudioVersion = 10.0.40219.1
Project("{9A19103F-16F7-4668-BE54-9A1E7A4F7556}") = "DemoElsa", "DemoElsa\DemoElsa.csproj", "{53C0BB2B-2DEB-4D80-958A-71F8FD097B03}"
EndProject
Global
	GlobalSection(SolutionConfigurationPlatforms) = preSolution
		Debug|Any CPU = Debug|Any CPU
		Release|Any CPU = Release|Any CPU
	EndGlobalSection
	GlobalSection(ProjectConfigurationPlatforms) = postSolution
		{53C0BB2B-2DEB-4D80-958A-71F8FD097B03}.Debug|Any CPU.ActiveCfg = Debug|Any CPU
		{53C0BB2B-2DEB-4D80-958A-71F8FD097B03}.Debug|Any CPU.Build.0 = Debug|Any CPU
		{53C0BB2B-2DEB-4D80-958A-71F8FD097B03}.Release|Any CPU.ActiveCfg = Release|Any CPU
		{53C0BB2B-2DEB-4D80-958A-71F8FD097B03}.Release|Any CPU.Build.0 = Release|Any CPU
	EndGlobalSection
	GlobalSection(SolutionProperties) = preSolution
		HideSolutionNode = FALSE
	EndGlobalSection
	GlobalSection(ExtensibilityGlobals) = postSolution
		SolutionGuid = {7C069EA4-6BE2-423A-A523-73C01B849F91}
	EndGlobalSection
EndGlobal
